
Microsoft Visual Studio Solution File, Format Version 12.00
# Visual Studio Version 17
VisualStudioVersion = 17.11.35431.28
MinimumVisualStudioVersion = 10.0.40219.1
Project("{9A19103F-16F7-4668-BE54-9A1E7A4F7556}") = "Fruitigo.GraphQL", "Fruitigo.GraphQL\Fruitigo.GraphQL.csproj", "{E0083F1F-6B35-48DD-8D0C-DFC5D8B357EE}"
EndProject
Project("{FAE04EC0-301F-11D3-BF4B-00C04F79EFBC}") = "Fruitigo.Domain", "Fruitigo.Domain\Fruitigo.Domain.csproj", "{91C4DD47-6B99-4B3B-9F28-647750D4FF52}"
EndProject
Project("{FAE04EC0-301F-11D3-BF4B-00C04F79EFBC}") = "Fruitigo.Infrastructure", "Fruitigo.Infrastructure\Fruitigo.Infrastructure.csproj", "{55DA27A3-E96A-4F1A-90EA-20E004F270F9}"
EndProject
Project("{FAE04EC0-301F-11D3-BF4B-00C04F79EFBC}") = "Fruitigo.Test", "Fruitigo.Test\Fruitigo.Test.csproj", "{F6F23BF0-3C79-4A5A-A9FA-14392E862F36}"
EndProject
Global
	GlobalSection(SolutionConfigurationPlatforms) = preSolution
		Debug|Any CPU = Debug|Any CPU
		Release|Any CPU = Release|Any CPU
	EndGlobalSection
	GlobalSection(ProjectConfigurationPlatforms) = postSolution
		{E0083F1F-6B35-48DD-8D0C-DFC5D8B357EE}.Debug|Any CPU.ActiveCfg = Debug|Any CPU
		{E0083F1F-6B35-48DD-8D0C-DFC5D8B357EE}.Debug|Any CPU.Build.0 = Debug|Any CPU
		{E0083F1F-6B35-48DD-8D0C-DFC5D8B357EE}.Release|Any CPU.ActiveCfg = Release|Any CPU
		{E0083F1F-6B35-48DD-8D0C-DFC5D8B357EE}.Release|Any CPU.Build.0 = Release|Any CPU
		{91C4DD47-6B99-4B3B-9F28-647750D4FF52}.Debug|Any CPU.ActiveCfg = Debug|Any CPU
		{91C4DD47-6B99-4B3B-9F28-647750D4FF52}.Debug|Any CPU.Build.0 = Debug|Any CPU
		{91C4DD47-6B99-4B3B-9F28-647750D4FF52}.Release|Any CPU.ActiveCfg = Release|Any CPU
		{91C4DD47-6B99-4B3B-9F28-647750D4FF52}.Release|Any CPU.Build.0 = Release|Any CPU
		{55DA27A3-E96A-4F1A-90EA-20E004F270F9}.Debug|Any CPU.ActiveCfg = Debug|Any CPU
		{55DA27A3-E96A-4F1A-90EA-20E004F270F9}.Debug|Any CPU.Build.0 = Debug|Any CPU
		{55DA27A3-E96A-4F1A-90EA-20E004F270F9}.Release|Any CPU.ActiveCfg = Release|Any CPU
		{55DA27A3-E96A-4F1A-90EA-20E004F270F9}.Release|Any CPU.Build.0 = Release|Any CPU
		{F6F23BF0-3C79-4A5A-A9FA-14392E862F36}.Debug|Any CPU.ActiveCfg = Debug|Any CPU
		{F6F23BF0-3C79-4A5A-A9FA-14392E862F36}.Debug|Any CPU.Build.0 = Debug|Any CPU
		{F6F23BF0-3C79-4A5A-A9FA-14392E862F36}.Release|Any CPU.ActiveCfg = Release|Any CPU
		{F6F23BF0-3C79-4A5A-A9FA-14392E862F36}.Release|Any CPU.Build.0 = Release|Any CPU
	EndGlobalSection
	GlobalSection(SolutionProperties) = preSolution
		HideSolutionNode = FALSE
	EndGlobalSection
	GlobalSection(ExtensibilityGlobals) = postSolution
		SolutionGuid = {30599A79-8FAD-4DDC-8EBD-27273B7C9D4E}
	EndGlobalSection
EndGlobal
